PODS:
  - DynamicBlurView (3.0.1)
  - FBSnapshotTestCase (2.1.4):
    - FBSnapshotTestCase/SwiftSupport (= 2.1.4)
  - FBSnapshotTestCase/Core (2.1.4)
  - FBSnapshotTestCase/SwiftSupport (2.1.4):
    - FBSnapshotTestCase/Core
  - Nimble (7.0.3)
  - PopupDialog (0.9.0):
    - DynamicBlurView (~> 3.0.1)
  - SwiftLint (0.27.0)

DEPENDENCIES:
  - FBSnapshotTestCase (from `https://github.com/facebook/ios-snapshot-test-case.git`, commit `ed4e6a6`)
  - Nimble (~> 7.0.2)
  - PopupDialog (from `../`)
  - SwiftLint (~> 0.22)

SPEC REPOS:
  https://github.com/cocoapods/specs.git:
    - DynamicBlurView
    - Nimble
    - SwiftLint

EXTERNAL SOURCES:
  FBSnapshotTestCase:
    :commit: ed4e6a6
    :git: https://github.com/facebook/ios-snapshot-test-case.git
  PopupDialog:
    :path: "../"

CHECKOUT OPTIONS:
  FBSnapshotTestCase:
    :commit: ed4e6a6
    :git: https://github.com/facebook/ios-snapshot-test-case.git

SPEC CHECKSUMS:
  DynamicBlurView: b1df5415f9bd31897549e5d7077e5ec120a4d636
  FBSnapshotTestCase: 094f9f314decbabe373b87cc339bea235a63e07a
  Nimble: 7f5a9c447a33002645a071bddafbfb24ea70e0ac
  PopupDialog: d0eb441a6a0a84b054456ddf6ecc3fd3d2a6f332
  SwiftLint: 3207c1faa2240bf8973b191820a116113cd11073

PODFILE CHECKSUM: 6c3c44cf7758f39754d4fa821961c1fef59ec16c

COCOAPODS: 1.5.3
